// !$*UTF8*$!
{
	archiveVersion = 1;
	classes = {
	};
	objectVersion = 56;
	objects = {

/* Begin PBXBuildFile section */
		2065B86A2B30877000B31508 /* RowebTemplate in Frameworks */ = {isa = PBXBuildFile; productRef = 2065B8692B30877000B31508 /* RowebTemplate */; };
		2065B86C2B30934A00B31508 /* GoogleService-Info.plist in Resources */ = {isa = PBXBuildFile; fileRef = 2065B86B2B30934A00B31508 /* GoogleService-Info.plist */; };
		A12A53752B2C9E91009C6A89 /* AppDelegate.swift in Sources */ = {isa = PBXBuildFile; fileRef = A12A53742B2C9E91009C6A89 /* AppDelegate.swift */; };
		A12A53792B2C9E91009C6A89 /* ViewController.swift in Sources */ = {isa = PBXBuildFile; fileRef = A12A53782B2C9E91009C6A89 /* ViewController.swift */; };
		A12A537C2B2C9E91009C6A89 /* Main.storyboard in Resources */ = {isa = PBXBuildFile; fileRef = A12A537A2B2C9E91009C6A89 /* Main.storyboard */; };
		A12A537E2B2C9E93009C6A89 /* Assets.xcassets in Resources */ = {isa = PBXBuildFile; fileRef = A12A537D2B2C9E93009C6A89 /* Assets.xcassets */; };
		A12A53812B2C9E93009C6A89 /* LaunchScreen.storyboard in Resources */ = {isa = PBXBuildFile; fileRef = A12A537F2B2C9E93009C6A89 /* LaunchScreen.storyboard */; };
		A12A538D2B2CA0CF009C6A89 /* RowebTemplate in Frameworks */ = {isa = PBXBuildFile; productRef = A12A538C2B2CA0CF009C6A89 /* RowebTemplate */; };
		A12A53902B2CA1E3009C6A89 /* AppDelegate+Customisations.swift in Sources */ = {isa = PBXBuildFile; fileRef = A12A538F2B2CA1E3009C6A89 /* AppDelegate+Customisations.swift */; };
/* End PBXBuildFile section */

/* Begin PBXFileReference section */
		2065B86B2B30934A00B31508 /* GoogleService-Info.plist */ = {isa = PBXFileReference; fileEncoding = 4; lastKnownFileType = text.plist.xml; path = "GoogleService-Info.plist"; sourceTree = "<group>"; };
		A12A53712B2C9E91009C6A89 /* HomeTemperatureApp.app */ = {isa = PBXFileReference; explicitFileType = wrapper.application; includeInIndex = 0; path = HomeTemperatureApp.app; sourceTree = BUILT_PRODUCTS_DIR; };
		A12A53742B2C9E91009C6A89 /* AppDelegate.swift */ = {isa = PBXFileReference; lastKnownFileType = sourcecode.swift; path = AppDelegate.swift; sourceTree = "<group>"; };
		A12A53782B2C9E91009C6A89 /* ViewController.swift */ = {isa = PBXFileReference; lastKnownFileType = sourcecode.swift; path = ViewController.swift; sourceTree = "<group>"; };
		A12A537B2B2C9E91009C6A89 /* Base */ = {isa = PBXFileReference; lastKnownFileType = file.storyboard; name = Base; path = Base.lproj/Main.storyboard; sourceTree = "<group>"; };
		A12A537D2B2C9E93009C6A89 /* Assets.xcassets */ = {isa = PBXFileReference; lastKnownFileType = folder.assetcatalog; path = Assets.xcassets; sourceTree = "<group>"; };
		A12A53802B2C9E93009C6A89 /* Base */ = {isa = PBXFileReference; lastKnownFileType = file.storyboard; name = Base; path = Base.lproj/LaunchScreen.storyboard; sourceTree = "<group>"; };
		A12A53822B2C9E93009C6A89 /* Info.plist */ = {isa = PBXFileReference; lastKnownFileType = text.plist.xml; path = Info.plist; sourceTree = "<group>"; };
		A12A538F2B2CA1E3009C6A89 /* AppDelegate+Customisations.swift */ = {isa = PBXFileReference; lastKnownFileType = sourcecode.swift; path = "AppDelegate+Customisations.swift"; sourceTree = "<group>"; };
/* End PBXFileReference section */

/* Begin PBXFrameworksBuildPhase section */
		A12A536E2B2C9E91009C6A89 /* Frameworks */ = {
			isa = PBXFrameworksBuildPhase;
			buildActionMask = 2147483647;
			files = (
				2065B86A2B30877000B31508 /* RowebTemplate in Frameworks */,
			);
			runOnlyForDeploymentPostprocessing = 0;
		};
/* End PBXFrameworksBuildPhase section */

/* Begin PBXGroup section */
		A12A53682B2C9E91009C6A89 = {
			isa = PBXGroup;
			children = (
				A12A53732B2C9E91009C6A89 /* HomeTemperatureApp */,
				A12A53722B2C9E91009C6A89 /* Products */,
			);
			sourceTree = "<group>";
		};
		A12A53722B2C9E91009C6A89 /* Products */ = {
			isa = PBXGroup;
			children = (
				A12A53712B2C9E91009C6A89 /* HomeTemperatureApp.app */,
			);
			name = Products;
			sourceTree = "<group>";
		};
		A12A53732B2C9E91009C6A89 /* HomeTemperatureApp */ = {
			isa = PBXGroup;
			children = (
				A12A538E2B2CA1D0009C6A89 /* AppDelegate */,
				A12A53782B2C9E91009C6A89 /* ViewController.swift */,
				A12A537A2B2C9E91009C6A89 /* Main.storyboard */,
				A12A537D2B2C9E93009C6A89 /* Assets.xcassets */,
				A12A537F2B2C9E93009C6A89 /* LaunchScreen.storyboard */,
				2065B86B2B30934A00B31508 /* GoogleService-Info.plist */,
				A12A53822B2C9E93009C6A89 /* Info.plist */,
			);
			path = HomeTemperatureApp;
			sourceTree = "<group>";
		};
		A12A538E2B2CA1D0009C6A89 /* AppDelegate */ = {
			isa = PBXGroup;
			children = (
				A12A53742B2C9E91009C6A89 /* AppDelegate.swift */,
				A12A538F2B2CA1E3009C6A89 /* AppDelegate+Customisations.swift */,
			);
			path = AppDelegate;
			sourceTree = "<group>";
		};
/* End PBXGroup section */

/* Begin PBXNativeTarget section */
		A12A53702B2C9E91009C6A89 /* HomeTemperatureApp */ = {
			isa = PBXNativeTarget;
			buildConfigurationList = A12A53852B2C9E93009C6A89 /* Build configuration list for PBXNativeTarget "HomeTemperatureApp" */;
			buildPhases = (
				A12A536D2B2C9E91009C6A89 /* Sources */,
				A12A536E2B2C9E91009C6A89 /* Frameworks */,
				A12A536F2B2C9E91009C6A89 /* Resources */,
			);
			buildRules = (
			);
			dependencies = (
			);
			name = HomeTemperatureApp;
			packageProductDependencies = (
				2065B8692B30877000B31508 /* RowebTemplate */,
			);
			productName = HomeTemperatureApp;
			productReference = A12A53712B2C9E91009C6A89 /* HomeTemperatureApp.app */;
			productType = "com.apple.product-type.application";
		};
/* End PBXNativeTarget section */

/* Begin PBXProject section */
		A12A53692B2C9E91009C6A89 /* Project object */ = {
			isa = PBXProject;
			attributes = {
				BuildIndependentTargetsInParallel = 1;
				LastSwiftUpdateCheck = 1500;
				LastUpgradeCheck = 1500;
				TargetAttributes = {
					A12A53702B2C9E91009C6A89 = {
						CreatedOnToolsVersion = 15.0;
					};
				};
			};
			buildConfigurationList = A12A536C2B2C9E91009C6A89 /* Build configuration list for PBXProject "HomeTemperatureApp" */;
			compatibilityVersion = "Xcode 14.0";
			developmentRegion = en;
			hasScannedForEncodings = 0;
			knownRegions = (
				en,
				Base,
			);
			mainGroup = A12A53682B2C9E91009C6A89;
			packageReferences = (
				2065B8682B30877000B31508 /* XCRemoteSwiftPackageReference "roweb-template" */,
			);
			productRefGroup = A12A53722B2C9E91009C6A89 /* Products */;
			projectDirPath = "";
			projectRoot = "";
			targets = (
				A12A53702B2C9E91009C6A89 /* HomeTemperatureApp */,
			);
		};
/* End PBXProject section */

/* Begin PBXResourcesBuildPhase section */
		A12A536F2B2C9E91009C6A89 /* Resources */ = {
			isa = PBXResourcesBuildPhase;
			buildActionMask = 2147483647;
			files = (
				A12A53812B2C9E93009C6A89 /* LaunchScreen.storyboard in Resources */,
				2065B86C2B30934A00B31508 /* GoogleService-Info.plist in Resources */,
				A12A537E2B2C9E93009C6A89 /* Assets.xcassets in Resources */,
				A12A537C2B2C9E91009C6A89 /* Main.storyboard in Resources */,
			);
			runOnlyForDeploymentPostprocessing = 0;
		};
/* End PBXResourcesBuildPhase section */

/* Begin PBXSourcesBuildPhase section */
		A12A536D2B2C9E91009C6A89 /* Sources */ = {
			isa = PBXSourcesBuildPhase;
			buildActionMask = 2147483647;
			files = (
				A12A53792B2C9E91009C6A89 /* ViewController.swift in Sources */,
				A12A53902B2CA1E3009C6A89 /* AppDelegate+Customisations.swift in Sources */,
				A12A53752B2C9E91009C6A89 /* AppDelegate.swift in Sources */,
			);
			runOnlyForDeploymentPostprocessing = 0;
		};
/* End PBXSourcesBuildPhase section */

/* Begin PBXVariantGroup section */
		A12A537A2B2C9E91009C6A89 /* Main.storyboard */ = {
			isa = PBXVariantGroup;
			children = (
				A12A537B2B2C9E91009C6A89 /* Base */,
			);
			name = Main.storyboard;
			sourceTree = "<group>";
		};
		A12A537F2B2C9E93009C6A89 /* LaunchScreen.storyboard */ = {
			isa = PBXVariantGroup;
			children = (
				A12A53802B2C9E93009C6A89 /* Base */,
			);
			name = LaunchScreen.storyboard;
			sourceTree = "<group>";
		};
/* End PBXVariantGroup section */

/* Begin XCBuildConfiguration section */
		A12A53832B2C9E93009C6A89 /* Debug */ = {
			isa = XCBuildConfiguration;
			buildSettings = {
				ALWAYS_SEARCH_USER_PATHS = NO;
				ASSETCATALOG_COMPILER_GENERATE_SWIFT_ASSET_SYMBOL_EXTENSIONS = YES;
				CLANG_ANALYZER_NONNULL = YES;
				CLANG_ANALYZER_NUMBER_OBJECT_CONVERSION = YES_AGGRESSIVE;
				CLANG_CXX_LANGUAGE_STANDARD = "gnu++20";
				CLANG_ENABLE_MODULES = YES;
				CLANG_ENABLE_OBJC_ARC = YES;
				CLANG_ENABLE_OBJC_WEAK = YES;
				CLANG_WARN_BLOCK_CAPTURE_AUTORELEASING = YES;
				CLANG_WARN_BOOL_CONVERSION = YES;
				CLANG_WARN_COMMA = YES;
				CLANG_WARN_CONSTANT_CONVERSION = YES;
				CLANG_WARN_DEPRECATED_OBJC_IMPLEMENTATIONS = YES;
				CLANG_WARN_DIRECT_OBJC_ISA_USAGE = YES_ERROR;
				CLANG_WARN_DOCUMENTATION_COMMENTS = YES;
				CLANG_WARN_EMPTY_BODY = YES;
				CLANG_WARN_ENUM_CONVERSION = YES;
				CLANG_WARN_INFINITE_RECURSION = YES;
				CLANG_WARN_INT_CONVERSION = YES;
				CLANG_WARN_NON_LITERAL_NULL_CONVERSION = YES;
				CLANG_WARN_OBJC_IMPLICIT_RETAIN_SELF = YES;
				CLANG_WARN_OBJC_LITERAL_CONVERSION = YES;
				CLANG_WARN_OBJC_ROOT_CLASS = YES_ERROR;
				CLANG_WARN_QUOTED_INCLUDE_IN_FRAMEWORK_HEADER = YES;
				CLANG_WARN_RANGE_LOOP_ANALYSIS = YES;
				CLANG_WARN_STRICT_PROTOTYPES = YES;
				CLANG_WARN_SUSPICIOUS_MOVE = YES;
				CLANG_WARN_UNGUARDED_AVAILABILITY = YES_AGGRESSIVE;
				CLANG_WARN_UNREACHABLE_CODE = YES;
				CLANG_WARN__DUPLICATE_METHOD_MATCH = YES;
				COPY_PHASE_STRIP = NO;
				DEBUG_INFORMATION_FORMAT = dwarf;
				ENABLE_STRICT_OBJC_MSGSEND = YES;
				ENABLE_TESTABILITY = YES;
				ENABLE_USER_SCRIPT_SANDBOXING = YES;
				GCC_C_LANGUAGE_STANDARD = gnu17;
				GCC_DYNAMIC_NO_PIC = NO;
				GCC_NO_COMMON_BLOCKS = YES;
				GCC_OPTIMIZATION_LEVEL = 0;
				GCC_PREPROCESSOR_DEFINITIONS = (
					"DEBUG=1",
					"$(inherited)",
				);
				GCC_WARN_64_TO_32_BIT_CONVERSION = YES;
				GCC_WARN_ABOUT_RETURN_TYPE = YES_ERROR;
				GCC_WARN_UNDECLARED_SELECTOR = YES;
				GCC_WARN_UNINITIALIZED_AUTOS = YES_AGGRESSIVE;
				GCC_WARN_UNUSED_FUNCTION = YES;
				GCC_WARN_UNUSED_VARIABLE = YES;
				IPHONEOS_DEPLOYMENT_TARGET = 17.0;
				LOCALIZATION_PREFERS_STRING_CATALOGS = YES;
				MTL_ENABLE_DEBUG_INFO = INCLUDE_SOURCE;
				MTL_FAST_MATH = YES;
				ONLY_ACTIVE_ARCH = YES;
				SDKROOT = iphoneos;
				SWIFT_ACTIVE_COMPILATION_CONDITIONS = "DEBUG $(inherited)";
				SWIFT_OPTIMIZATION_LEVEL = "-Onone";
			};
			name = Debug;
		};
		A12A53842B2C9E93009C6A89 /* Release */ = {
			isa = XCBuildConfiguration;
			buildSettings = {
				ALWAYS_SEARCH_USER_PATHS = NO;
				ASSETCATALOG_COMPILER_GENERATE_SWIFT_ASSET_SYMBOL_EXTENSIONS = YES;
				CLANG_ANALYZER_NONNULL = YES;
				CLANG_ANALYZER_NUMBER_OBJECT_CONVERSION = YES_AGGRESSIVE;
				CLANG_CXX_LANGUAGE_STANDARD = "gnu++20";
				CLANG_ENABLE_MODULES = YES;
				CLANG_ENABLE_OBJC_ARC = YES;
				CLANG_ENABLE_OBJC_WEAK = YES;
				CLANG_WARN_BLOCK_CAPTURE_AUTORELEASING = YES;
				CLANG_WARN_BOOL_CONVERSION = YES;
				CLANG_WARN_COMMA = YES;
				CLANG_WARN_CONSTANT_CONVERSION = YES;
				CLANG_WARN_DEPRECATED_OBJC_IMPLEMENTATIONS = YES;
				CLANG_WARN_DIRECT_OBJC_ISA_USAGE = YES_ERROR;
				CLANG_WARN_DOCUMENTATION_COMMENTS = YES;
				CLANG_WARN_EMPTY_BODY = YES;
				CLANG_WARN_ENUM_CONVERSION = YES;
				CLANG_WARN_INFINITE_RECURSION = YES;
				CLANG_WARN_INT_CONVERSION = YES;
				CLANG_WARN_NON_LITERAL_NULL_CONVERSION = YES;
				CLANG_WARN_OBJC_IMPLICIT_RETAIN_SELF = YES;
				CLANG_WARN_OBJC_LITERAL_CONVERSION = YES;
				CLANG_WARN_OBJC_ROOT_CLASS = YES_ERROR;
				CLANG_WARN_QUOTED_INCLUDE_IN_FRAMEWORK_HEADER = YES;
				CLANG_WARN_RANGE_LOOP_ANALYSIS = YES;
				CLANG_WARN_STRICT_PROTOTYPES = YES;
				CLANG_WARN_SUSPICIOUS_MOVE = YES;
				CLANG_WARN_UNGUARDED_AVAILABILITY = YES_AGGRESSIVE;
				CLANG_WARN_UNREACHABLE_CODE = YES;
				CLANG_WARN__DUPLICATE_METHOD_MATCH = YES;
				COPY_PHASE_STRIP = NO;
				DEBUG_INFORMATION_FORMAT = "dwarf-with-dsym";
				ENABLE_NS_ASSERTIONS = NO;
				ENABLE_STRICT_OBJC_MSGSEND = YES;
				ENABLE_USER_SCRIPT_SANDBOXING = YES;
				GCC_C_LANGUAGE_STANDARD = gnu17;
				GCC_NO_COMMON_BLOCKS = YES;
				GCC_WARN_64_TO_32_BIT_CONVERSION = YES;
				GCC_WARN_ABOUT_RETURN_TYPE = YES_ERROR;
				GCC_WARN_UNDECLARED_SELECTOR = YES;
				GCC_WARN_UNINITIALIZED_AUTOS = YES_AGGRESSIVE;
				GCC_WARN_UNUSED_FUNCTION = YES;
				GCC_WARN_UNUSED_VARIABLE = YES;
				IPHONEOS_DEPLOYMENT_TARGET = 17.0;
				LOCALIZATION_PREFERS_STRING_CATALOGS = YES;
				MTL_ENABLE_DEBUG_INFO = NO;
				MTL_FAST_MATH = YES;
				SDKROOT = iphoneos;
				SWIFT_COMPILATION_MODE = wholemodule;
				VALIDATE_PRODUCT = YES;
			};
			name = Release;
		};
		A12A53862B2C9E93009C6A89 /* Debug */ = {
			isa = XCBuildConfiguration;
			buildSettings = {
				ASSETCATALOG_COMPILER_APPICON_NAME = AppIcon;
				ASSETCATALOG_COMPILER_GLOBAL_ACCENT_COLOR_NAME = AccentColor;
				CODE_SIGN_STYLE = Automatic;
				CURRENT_PROJECT_VERSION = 1;
				DEVELOPMENT_TEAM = 25G7LS3L22;
				GENERATE_INFOPLIST_FILE = YES;
				INFOPLIST_FILE = HomeTemperatureApp/Info.plist;
				INFOPLIST_KEY_UIApplicationSupportsIndirectInputEvents = YES;
				INFOPLIST_KEY_UILaunchStoryboardName = LaunchScreen;
				INFOPLIST_KEY_UIMainStoryboardFile = Main;
				INFOPLIST_KEY_UISupportedInterfaceOrientations_iPad = "UIInterfaceOrientationPortrait UIInterfaceOrientationPortraitUpsideDown UIInterfaceOrientationLandscapeLeft UIInterfaceOrientationLandscapeRight";
				INFOPLIST_KEY_UISupportedInterfaceOrientations_iPhone = "UIInterfaceOrientationPortrait UIInterfaceOrientationLandscapeLeft UIInterfaceOrientationLandscapeRight";
				IPHONEOS_DEPLOYMENT_TARGET = 13.0;
				LD_RUNPATH_SEARCH_PATHS = (
					"$(inherited)",
					"@executable_path/Frameworks",
				);
				MARKETING_VERSION = 1.0;
				PRODUCT_BUNDLE_IDENTIFIER = ivangabriel.HomeTemperatureApp;
				PRODUCT_NAME = "$(TARGET_NAME)";
				SWIFT_EMIT_LOC_STRINGS = YES;
				SWIFT_VERSION = 5.0;
				TARGETED_DEVICE_FAMILY = "1,2";
			};
			name = Debug;
		};
		A12A53872B2C9E93009C6A89 /* Release */ = {
			isa = XCBuildConfiguration;
			buildSettings = {
				ASSETCATALOG_COMPILER_APPICON_NAME = AppIcon;
				ASSETCATALOG_COMPILER_GLOBAL_ACCENT_COLOR_NAME = AccentColor;
				CODE_SIGN_STYLE = Automatic;
				CURRENT_PROJECT_VERSION = 1;
				DEVELOPMENT_TEAM = 25G7LS3L22;
				GENERATE_INFOPLIST_FILE = YES;
				INFOPLIST_FILE = HomeTemperatureApp/Info.plist;
				INFOPLIST_KEY_UIApplicationSupportsIndirectInputEvents = YES;
				INFOPLIST_KEY_UILaunchStoryboardName = LaunchScreen;
				INFOPLIST_KEY_UIMainStoryboardFile = Main;
				INFOPLIST_KEY_UISupportedInterfaceOrientations_iPad = "UIInterfaceOrientationPortrait UIInterfaceOrientationPortraitUpsideDown UIInterfaceOrientationLandscapeLeft UIInterfaceOrientationLandscapeRight";
				INFOPLIST_KEY_UISupportedInterfaceOrientations_iPhone = "UIInterfaceOrientationPortrait UIInterfaceOrientationLandscapeLeft UIInterfaceOrientationLandscapeRight";
				IPHONEOS_DEPLOYMENT_TARGET = 13.0;
				LD_RUNPATH_SEARCH_PATHS = (
					"$(inherited)",
					"@executable_path/Frameworks",
				);
				MARKETING_VERSION = 1.0;
				PRODUCT_BUNDLE_IDENTIFIER = ivangabriel.HomeTemperatureApp;
				PRODUCT_NAME = "$(TARGET_NAME)";
				SWIFT_EMIT_LOC_STRINGS = YES;
				SWIFT_VERSION = 5.0;
				TARGETED_DEVICE_FAMILY = "1,2";
			};
			name = Release;
		};
/* End XCBuildConfiguration section */

/* Begin XCConfigurationList section */
		A12A536C2B2C9E91009C6A89 /* Build configuration list for PBXProject "HomeTemperatureApp" */ = {
			isa = XCConfigurationList;
			buildConfigurations = (
				A12A53832B2C9E93009C6A89 /* Debug */,
				A12A53842B2C9E93009C6A89 /* Release */,
			);
			defaultConfigurationIsVisible = 0;
			defaultConfigurationName = Release;
		};
		A12A53852B2C9E93009C6A89 /* Build configuration list for PBXNativeTarget "HomeTemperatureApp" */ = {
			isa = XCConfigurationList;
			buildConfigurations = (
				A12A53862B2C9E93009C6A89 /* Debug */,
				A12A53872B2C9E93009C6A89 /* Release */,
			);
			defaultConfigurationIsVisible = 0;
			defaultConfigurationName = Release;
		};
/* End XCConfigurationList section */

/* Begin XCRemoteSwiftPackageReference section */
		2065B8682B30877000B31508 /* XCRemoteSwiftPackageReference "roweb-template" */ = {
			isa = XCRemoteSwiftPackageReference;
			repositoryURL = "https://gabriel_ivan5795:ATBBp6cSWXm6pS7FWXeNcnt73xUx8B8E8986@bitbucket.org/roweb/roweb-template.git";
			requirement = {
				branch = master;
				kind = branch;
			};
		};
/* End XCRemoteSwiftPackageReference section */

/* Begin XCSwiftPackageProductDependency section */
		2065B8692B30877000B31508 /* RowebTemplate */ = {
			isa = XCSwiftPackageProductDependency;
			package = 2065B8682B30877000B31508 /* XCRemoteSwiftPackageReference "roweb-template" */;
			productName = RowebTemplate;
		};
/* End XCSwiftPackageProductDependency section */
	};
	rootObject = A12A53692B2C9E91009C6A89 /* Project object */;
}
